// !$*UTF8*$!
{
	archiveVersion = 1;
	classes = {
	};
	objectVersion = 46;
	objects = {

/* Begin PBXBuildFile section */
		064726051D181B10006183D5 /* AppDelegate.swift in Sources */ = {isa = PBXBuildFile; fileRef = 064726041D181B10006183D5 /* AppDelegate.swift */; };
		064726071D181B10006183D5 /* ViewController.swift in Sources */ = {isa = PBXBuildFile; fileRef = 064726061D181B10006183D5 /* ViewController.swift */; };
		0647260A1D181B10006183D5 /* Main.storyboard in Resources */ = {isa = PBXBuildFile; fileRef = 064726081D181B10006183D5 /* Main.storyboard */; };
		0647260C1D181B10006183D5 /* Assets.xcassets in Resources */ = {isa = PBXBuildFile; fileRef = 0647260B1D181B10006183D5 /* Assets.xcassets */; };
		0647260F1D181B10006183D5 /* LaunchScreen.storyboard in Resources */ = {isa = PBXBuildFile; fileRef = 0647260D1D181B10006183D5 /* LaunchScreen.storyboard */; };
		0647261A1D181B11006183D5 /* testapp05Tests.swift in Sources */ = {isa = PBXBuildFile; fileRef = 064726191D181B11006183D5 /* testapp05Tests.swift */; };
		064726251D181B11006183D5 /* testapp05UITests.swift in Sources */ = {isa = PBXBuildFile; fileRef = 064726241D181B11006183D5 /* testapp05UITests.swift */; };
/* End PBXBuildFile section */

/* Begin PBXContainerItemProxy section */
		064726161D181B11006183D5 /* PBXContainerItemProxy */ = {
			isa = PBXContainerItemProxy;
			containerPortal = 064725F91D181B10006183D5 /* Project object */;
			proxyType = 1;
			remoteGlobalIDString = 064726001D181B10006183D5;
			remoteInfo = testapp05;
		};
		064726211D181B11006183D5 /* PBXContainerItemProxy */ = {
			isa = PBXContainerItemProxy;
			containerPortal = 064725F91D181B10006183D5 /* Project object */;
			proxyType = 1;
			remoteGlobalIDString = 064726001D181B10006183D5;
			remoteInfo = testapp05;
		};
/* End PBXContainerItemProxy section */

/* Begin PBXFileReference section */
		064726011D181B10006183D5 /* testapp05.app */ = {isa = PBXFileReference; explicitFileType = wrapper.application; includeInIndex = 0; path = testapp05.app; sourceTree = BUILT_PRODUCTS_DIR; };
		064726041D181B10006183D5 /* AppDelegate.swift */ = {isa = PBXFileReference; lastKnownFileType = sourcecode.swift; path = AppDelegate.swift; sourceTree = "<group>"; };
		064726061D181B10006183D5 /* ViewController.swift */ = {isa = PBXFileReference; lastKnownFileType = sourcecode.swift; path = ViewController.swift; sourceTree = "<group>"; };
		064726091D181B10006183D5 /* Base */ = {isa = PBXFileReference; lastKnownFileType = file.storyboard; name = Base; path = Base.lproj/Main.storyboard; sourceTree = "<group>"; };
		0647260B1D181B10006183D5 /* Assets.xcassets */ = {isa = PBXFileReference; lastKnownFileType = folder.assetcatalog; path = Assets.xcassets; sourceTree = "<group>"; };
		0647260E1D181B10006183D5 /* Base */ = {isa = PBXFileReference; lastKnownFileType = file.storyboard; name = Base; path = Base.lproj/LaunchScreen.storyboard; sourceTree = "<group>"; };
		064726101D181B10006183D5 /* Info.plist */ = {isa = PBXFileReference; lastKnownFileType = text.plist.xml; path = Info.plist; sourceTree = "<group>"; };
		064726151D181B11006183D5 /* testapp05Tests.xctest */ = {isa = PBXFileReference; explicitFileType = wrapper.cfbundle; includeInIndex = 0; path = testapp05Tests.xctest; sourceTree = BUILT_PRODUCTS_DIR; };
		064726191D181B11006183D5 /* testapp05Tests.swift */ = {isa = PBXFileReference; lastKnownFileType = sourcecode.swift; path = testapp05Tests.swift; sourceTree = "<group>"; };
		0647261B1D181B11006183D5 /* Info.plist */ = {isa = PBXFileReference; lastKnownFileType = text.plist.xml; path = Info.plist; sourceTree = "<group>"; };
		064726201D181B11006183D5 /* testapp05UITests.xctest */ = {isa = PBXFileReference; explicitFileType = wrapper.cfbundle; includeInIndex = 0; path = testapp05UITests.xctest; sourceTree = BUILT_PRODUCTS_DIR; };
		064726241D181B11006183D5 /* testapp05UITests.swift */ = {isa = PBXFileReference; lastKnownFileType = sourcecode.swift; path = testapp05UITests.swift; sourceTree = "<group>"; };
		064726261D181B11006183D5 /* Info.plist */ = {isa = PBXFileReference; lastKnownFileType = text.plist.xml; path = Info.plist; sourceTree = "<group>"; };
/* End PBXFileReference section */

/* Begin PBXFrameworksBuildPhase section */
		064725FE1D181B10006183D5 /* Frameworks */ = {
			isa = PBXFrameworksBuildPhase;
			buildActionMask = 2147483647;
			files = (
			);
			runOnlyForDeploymentPostprocessing = 0;
		};
		064726121D181B11006183D5 /* Frameworks */ = {
			isa = PBXFrameworksBuildPhase;
			buildActionMask = 2147483647;
			files = (
			);
			runOnlyForDeploymentPostprocessing = 0;
		};
		0647261D1D181B11006183D5 /* Frameworks */ = {
			isa = PBXFrameworksBuildPhase;
			buildActionMask = 2147483647;
			files = (
			);
			runOnlyForDeploymentPostprocessing = 0;
		};
/* End PBXFrameworksBuildPhase section */

/* Begin PBXGroup section */
		064725F81D181B10006183D5 = {
			isa = PBXGroup;
			children = (
				064726031D181B10006183D5 /* testapp05 */,
				064726181D181B11006183D5 /* testapp05Tests */,
				064726231D181B11006183D5 /* testapp05UITests */,
				064726021D181B10006183D5 /* Products */,
			);
			sourceTree = "<group>";
		};
		064726021D181B10006183D5 /* Products */ = {
			isa = PBXGroup;
			children = (
				064726011D181B10006183D5 /* testapp05.app */,
				064726151D181B11006183D5 /* testapp05Tests.xctest */,
				064726201D181B11006183D5 /* testapp05UITests.xctest */,
			);
			name = Products;
			sourceTree = "<group>";
		};
		064726031D181B10006183D5 /* testapp05 */ = {
			isa = PBXGroup;
			children = (
				064726041D181B10006183D5 /* AppDelegate.swift */,
				064726061D181B10006183D5 /* ViewController.swift */,
				064726081D181B10006183D5 /* Main.storyboard */,
				0647260B1D181B10006183D5 /* Assets.xcassets */,
				0647260D1D181B10006183D5 /* LaunchScreen.storyboard */,
				064726101D181B10006183D5 /* Info.plist */,
			);
			path = testapp05;
			sourceTree = "<group>";
		};
		064726181D181B11006183D5 /* testapp05Tests */ = {
			isa = PBXGroup;
			children = (
				064726191D181B11006183D5 /* testapp05Tests.swift */,
				0647261B1D181B11006183D5 /* Info.plist */,
			);
			path = testapp05Tests;
			sourceTree = "<group>";
		};
		064726231D181B11006183D5 /* testapp05UITests */ = {
			isa = PBXGroup;
			children = (
				064726241D181B11006183D5 /* testapp05UITests.swift */,
				064726261D181B11006183D5 /* Info.plist */,
			);
			path = testapp05UITests;
			sourceTree = "<group>";
		};
/* End PBXGroup section */

/* Begin PBXNativeTarget section */
		064726001D181B10006183D5 /* testapp05 */ = {
			isa = PBXNativeTarget;
			buildConfigurationList = 064726291D181B11006183D5 /* Build configuration list for PBXNativeTarget "testapp05" */;
			buildPhases = (
				064725FD1D181B10006183D5 /* Sources */,
				064725FE1D181B10006183D5 /* Frameworks */,
				064725FF1D181B10006183D5 /* Resources */,
			);
			buildRules = (
			);
			dependencies = (
			);
			name = testapp05;
			productName = testapp05;
			productReference = 064726011D181B10006183D5 /* testapp05.app */;
			productType = "com.apple.product-type.application";
		};
		064726141D181B11006183D5 /* testapp05Tests */ = {
			isa = PBXNativeTarget;
			buildConfigurationList = 0647262C1D181B11006183D5 /* Build configuration list for PBXNativeTarget "testapp05Tests" */;
			buildPhases = (
				064726111D181B11006183D5 /* Sources */,
				064726121D181B11006183D5 /* Frameworks */,
				064726131D181B11006183D5 /* Resources */,
			);
			buildRules = (
			);
			dependencies = (
				064726171D181B11006183D5 /* PBXTargetDependency */,
			);
			name = testapp05Tests;
			productName = testapp05Tests;
			productReference = 064726151D181B11006183D5 /* testapp05Tests.xctest */;
			productType = "com.apple.product-type.bundle.unit-test";
		};
		0647261F1D181B11006183D5 /* testapp05UITests */ = {
			isa = PBXNativeTarget;
			buildConfigurationList = 0647262F1D181B11006183D5 /* Build configuration list for PBXNativeTarget "testapp05UITests" */;
			buildPhases = (
				0647261C1D181B11006183D5 /* Sources */,
				0647261D1D181B11006183D5 /* Frameworks */,
				0647261E1D181B11006183D5 /* Resources */,
			);
			buildRules = (
			);
			dependencies = (
				064726221D181B11006183D5 /* PBXTargetDependency */,
			);
			name = testapp05UITests;
			productName = testapp05UITests;
			productReference = 064726201D181B11006183D5 /* testapp05UITests.xctest */;
			productType = "com.apple.product-type.bundle.ui-testing";
		};
/* End PBXNativeTarget section */

/* Begin PBXProject section */
		064725F91D181B10006183D5 /* Project object */ = {
			isa = PBXProject;
			attributes = {
				LastSwiftUpdateCheck = 0730;
				LastUpgradeCheck = 0730;
				ORGANIZATIONNAME = "finmax technologies";
				TargetAttributes = {
					064726001D181B10006183D5 = {
						CreatedOnToolsVersion = 7.3;
					};
					064726141D181B11006183D5 = {
						CreatedOnToolsVersion = 7.3;
						TestTargetID = 064726001D181B10006183D5;
					};
					0647261F1D181B11006183D5 = {
						CreatedOnToolsVersion = 7.3;
						TestTargetID = 064726001D181B10006183D5;
					};
				};
			};
			buildConfigurationList = 064725FC1D181B10006183D5 /* Build configuration list for PBXProject "testapp05" */;
			compatibilityVersion = "Xcode 3.2";
			developmentRegion = English;
			hasScannedForEncodings = 0;
			knownRegions = (
				en,
				Base,
			);
			mainGroup = 064725F81D181B10006183D5;
			productRefGroup = 064726021D181B10006183D5 /* Products */;
			projectDirPath = "";
			projectRoot = "";
			targets = (
				064726001D181B10006183D5 /* testapp05 */,
				064726141D181B11006183D5 /* testapp05Tests */,
				0647261F1D181B11006183D5 /* testapp05UITests */,
			);
		};
/* End PBXProject section */

/* Begin PBXResourcesBuildPhase section */
		064725FF1D181B10006183D5 /* Resources */ = {
			isa = PBXResourcesBuildPhase;
			buildActionMask = 2147483647;
			files = (
				0647260F1D181B10006183D5 /* LaunchScreen.storyboard in Resources */,
				0647260C1D181B10006183D5 /* Assets.xcassets in Resources */,
				0647260A1D181B10006183D5 /* Main.storyboard in Resources */,
			);
			runOnlyForDeploymentPostprocessing = 0;
		};
		064726131D181B11006183D5 /* Resources */ = {
			isa = PBXResourcesBuildPhase;
			buildActionMask = 2147483647;
			files = (
			);
			runOnlyForDeploymentPostprocessing = 0;
		};
		0647261E1D181B11006183D5 /* Resources */ = {
			isa = PBXResourcesBuildPhase;
			buildActionMask = 2147483647;
			files = (
			);
			runOnlyForDeploymentPostprocessing = 0;
		};
/* End PBXResourcesBuildPhase section */

/* Begin PBXSourcesBuildPhase section */
		064725FD1D181B10006183D5 /* Sources */ = {
			isa = PBXSourcesBuildPhase;
			buildActionMask = 2147483647;
			files = (
				064726071D181B10006183D5 /* ViewController.swift in Sources */,
				064726051D181B10006183D5 /* AppDelegate.swift in Sources */,
			);
			runOnlyForDeploymentPostprocessing = 0;
		};
		064726111D181B11006183D5 /* Sources */ = {
			isa = PBXSourcesBuildPhase;
			buildActionMask = 2147483647;
			files = (
				0647261A1D181B11006183D5 /* testapp05Tests.swift in Sources */,
			);
			runOnlyForDeploymentPostprocessing = 0;
		};
		0647261C1D181B11006183D5 /* Sources */ = {
			isa = PBXSourcesBuildPhase;
			buildActionMask = 2147483647;
			files = (
				064726251D181B11006183D5 /* testapp05UITests.swift in Sources */,
			);
			runOnlyForDeploymentPostprocessing = 0;
		};
/* End PBXSourcesBuildPhase section */

/* Begin PBXTargetDependency section */
		064726171D181B11006183D5 /* PBXTargetDependency */ = {
			isa = PBXTargetDependency;
			target = 064726001D181B10006183D5 /* testapp05 */;
			targetProxy = 064726161D181B11006183D5 /* PBXContainerItemProxy */;
		};
		064726221D181B11006183D5 /* PBXTargetDependency */ = {
			isa = PBXTargetDependency;
			target = 064726001D181B10006183D5 /* testapp05 */;
			targetProxy = 064726211D181B11006183D5 /* PBXContainerItemProxy */;
		};
/* End PBXTargetDependency section */

/* Begin PBXVariantGroup section */
		064726081D181B10006183D5 /* Main.storyboard */ = {
			isa = PBXVariantGroup;
			children = (
				064726091D181B10006183D5 /* Base */,
			);
			name = Main.storyboard;
			sourceTree = "<group>";
		};
		0647260D1D181B10006183D5 /* LaunchScreen.storyboard */ = {
			isa = PBXVariantGroup;
			children = (
				0647260E1D181B10006183D5 /* Base */,
			);
			name = LaunchScreen.storyboard;
			sourceTree = "<group>";
		};
/* End PBXVariantGroup section */

/* Begin XCBuildConfiguration section */
		064726271D181B11006183D5 /* Debug */ = {
			isa = XCBuildConfiguration;
			buildSettings = {
				ALWAYS_SEARCH_USER_PATHS = NO;
				CLANG_ANALYZER_NONNULL = YES;
				CLANG_CXX_LANGUAGE_STANDARD = "gnu++0x";
				CLANG_CXX_LIBRARY = "libc++";
				CLANG_ENABLE_MODULES = YES;
				CLANG_ENABLE_OBJC_ARC = YES;
				CLANG_WARN_BOOL_CONVERSION = YES;
				CLANG_WARN_CONSTANT_CONVERSION = YES;
				CLANG_WARN_DIRECT_OBJC_ISA_USAGE = YES_ERROR;
				CLANG_WARN_EMPTY_BODY = YES;
				CLANG_WARN_ENUM_CONVERSION = YES;
				CLANG_WARN_INT_CONVERSION = YES;
				CLANG_WARN_OBJC_ROOT_CLASS = YES_ERROR;
				CLANG_WARN_UNREACHABLE_CODE = YES;
				CLANG_WARN__DUPLICATE_METHOD_MATCH = YES;
				"CODE_SIGN_IDENTITY[sdk=iphoneos*]" = "iPhone Developer";
				COPY_PHASE_STRIP = NO;
				DEBUG_INFORMATION_FORMAT = dwarf;
				ENABLE_STRICT_OBJC_MSGSEND = YES;
				ENABLE_TESTABILITY = YES;
				GCC_C_LANGUAGE_STANDARD = gnu99;
				GCC_DYNAMIC_NO_PIC = NO;
				GCC_NO_COMMON_BLOCKS = YES;
				GCC_OPTIMIZATION_LEVEL = 0;
				GCC_PREPROCESSOR_DEFINITIONS = (
					"DEBUG=1",
					"$(inherited)",
				);
				GCC_WARN_64_TO_32_BIT_CONVERSION = YES;
				GCC_WARN_ABOUT_RETURN_TYPE = YES_ERROR;
				GCC_WARN_UNDECLARED_SELECTOR = YES;
				GCC_WARN_UNINITIALIZED_AUTOS = YES_AGGRESSIVE;
				GCC_WARN_UNUSED_FUNCTION = YES;
				GCC_WARN_UNUSED_VARIABLE = YES;
				IPHONEOS_DEPLOYMENT_TARGET = 9.3;
				MTL_ENABLE_DEBUG_INFO = YES;
				ONLY_ACTIVE_ARCH = YES;
				SDKROOT = iphoneos;
				SWIFT_OPTIMIZATION_LEVEL = "-Onone";
				TARGETED_DEVICE_FAMILY = "1,2";
			};
			name = Debug;
		};
		064726281D181B11006183D5 /* Release */ = {
			isa = XCBuildConfiguration;
			buildSettings = {
				ALWAYS_SEARCH_USER_PATHS = NO;
				CLANG_ANALYZER_NONNULL = YES;
				CLANG_CXX_LANGUAGE_STANDARD = "gnu++0x";
				CLANG_CXX_LIBRARY = "libc++";
				CLANG_ENABLE_MODULES = YES;
				CLANG_ENABLE_OBJC_ARC = YES;
				CLANG_WARN_BOOL_CONVERSION = YES;
				CLANG_WARN_CONSTANT_CONVERSION = YES;
				CLANG_WARN_DIRECT_OBJC_ISA_USAGE = YES_ERROR;
				CLANG_WARN_EMPTY_BODY = YES;
				CLANG_WARN_ENUM_CONVERSION = YES;
				CLANG_WARN_INT_CONVERSION = YES;
				CLANG_WARN_OBJC_ROOT_CLASS = YES_ERROR;
				CLANG_WARN_UNREACHABLE_CODE = YES;
				CLANG_WARN__DUPLICATE_METHOD_MATCH = YES;
				"CODE_SIGN_IDENTITY[sdk=iphoneos*]" = "iPhone Developer";
				COPY_PHASE_STRIP = NO;
				DEBUG_INFORMATION_FORMAT = "dwarf-with-dsym";
				ENABLE_NS_ASSERTIONS = NO;
				ENABLE_STRICT_OBJC_MSGSEND = YES;
				GCC_C_LANGUAGE_STANDARD = gnu99;
				GCC_NO_COMMON_BLOCKS = YES;
				GCC_WARN_64_TO_32_BIT_CONVERSION = YES;
				GCC_WARN_ABOUT_RETURN_TYPE = YES_ERROR;
				GCC_WARN_UNDECLARED_SELECTOR = YES;
				GCC_WARN_UNINITIALIZED_AUTOS = YES_AGGRESSIVE;
				GCC_WARN_UNUSED_FUNCTION = YES;
				GCC_WARN_UNUSED_VARIABLE = YES;
				IPHONEOS_DEPLOYMENT_TARGET = 9.3;
				MTL_ENABLE_DEBUG_INFO = NO;
				SDKROOT = iphoneos;
				TARGETED_DEVICE_FAMILY = "1,2";
				VALIDATE_PRODUCT = YES;
			};
			name = Release;
		};
		0647262A1D181B11006183D5 /* Debug */ = {
			isa = XCBuildConfiguration;
			buildSettings = {
				ASSETCATALOG_COMPILER_APPICON_NAME = AppIcon;
				INFOPLIST_FILE = testapp05/Info.plist;
				LD_RUNPATH_SEARCH_PATHS = "$(inherited) @executable_path/Frameworks";
				PRODUCT_BUNDLE_IDENTIFIER = finmax.training.project.testapp05;
				PRODUCT_NAME = "$(TARGET_NAME)";
			};
			name = Debug;
		};
		0647262B1D181B11006183D5 /* Release */ = {
			isa = XCBuildConfiguration;
			buildSettings = {
				ASSETCATALOG_COMPILER_APPICON_NAME = AppIcon;
				INFOPLIST_FILE = testapp05/Info.plist;
				LD_RUNPATH_SEARCH_PATHS = "$(inherited) @executable_path/Frameworks";
				PRODUCT_BUNDLE_IDENTIFIER = finmax.training.project.testapp05;
				PRODUCT_NAME = "$(TARGET_NAME)";
			};
			name = Release;
		};
		0647262D1D181B11006183D5 /* Debug */ = {
			isa = XCBuildConfiguration;
			buildSettings = {
				BUNDLE_LOADER = "$(TEST_HOST)";
				INFOPLIST_FILE = testapp05Tests/Info.plist;
				LD_RUNPATH_SEARCH_PATHS = "$(inherited) @executable_path/Frameworks @loader_path/Frameworks";
				PRODUCT_BUNDLE_IDENTIFIER = finmax.training.project.testapp05Tests;
				PRODUCT_NAME = "$(TARGET_NAME)";
				TEST_HOST = "$(BUILT_PRODUCTS_DIR)/testapp05.app/testapp05";
			};
			name = Debug;
		};
		0647262E1D181B11006183D5 /* Release */ = {
			isa = XCBuildConfiguration;
			buildSettings = {
				BUNDLE_LOADER = "$(TEST_HOST)";
				INFOPLIST_FILE = testapp05Tests/Info.plist;
				LD_RUNPATH_SEARCH_PATHS = "$(inherited) @executable_path/Frameworks @loader_path/Frameworks";
				PRODUCT_BUNDLE_IDENTIFIER = finmax.training.project.testapp05Tests;
				PRODUCT_NAME = "$(TARGET_NAME)";
				TEST_HOST = "$(BUILT_PRODUCTS_DIR)/testapp05.app/testapp05";
			};
			name = Release;
		};
		064726301D181B11006183D5 /* Debug */ = {
			isa = XCBuildConfiguration;
			buildSettings = {
				INFOPLIST_FILE = testapp05UITests/Info.plist;
				LD_RUNPATH_SEARCH_PATHS = "$(inherited) @executable_path/Frameworks @loader_path/Frameworks";
				PRODUCT_BUNDLE_IDENTIFIER = finmax.training.project.testapp05UITests;
				PRODUCT_NAME = "$(TARGET_NAME)";
				TEST_TARGET_NAME = testapp05;
			};
			name = Debug;
		};
		064726311D181B11006183D5 /* Release */ = {
			isa = XCBuildConfiguration;
			buildSettings = {
				INFOPLIST_FILE = testapp05UITests/Info.plist;
				LD_RUNPATH_SEARCH_PATHS = "$(inherited) @executable_path/Frameworks @loader_path/Frameworks";
				PRODUCT_BUNDLE_IDENTIFIER = finmax.training.project.testapp05UITests;
				PRODUCT_NAME = "$(TARGET_NAME)";
				TEST_TARGET_NAME = testapp05;
			};
			name = Release;
		};
/* End XCBuildConfiguration section */

/* Begin XCConfigurationList section */
		064725FC1D181B10006183D5 /* Build configuration list for PBXProject "testapp05" */ = {
			isa = XCConfigurationList;
			buildConfigurations = (
				064726271D181B11006183D5 /* Debug */,
				064726281D181B11006183D5 /* Release */,
			);
			defaultConfigurationIsVisible = 0;
			defaultConfigurationName = Release;
		};
		064726291D181B11006183D5 /* Build configuration list for PBXNativeTarget "testapp05" */ = {
			isa = XCConfigurationList;
			buildConfigurations = (
				0647262A1D181B11006183D5 /* Debug */,
				0647262B1D181B11006183D5 /* Release */,
			);
			defaultConfigurationIsVisible = 0;
		};
		0647262C1D181B11006183D5 /* Build configuration list for PBXNativeTarget "testapp05Tests" */ = {
			isa = XCConfigurationList;
			buildConfigurations = (
				0647262D1D181B11006183D5 /* Debug */,
				0647262E1D181B11006183D5 /* Release */,
			);
			defaultConfigurationIsVisible = 0;
		};
		0647262F1D181B11006183D5 /* Build configuration list for PBXNativeTarget "testapp05UITests" */ = {
			isa = XCConfigurationList;
			buildConfigurations = (
				064726301D181B11006183D5 /* Debug */,
				064726311D181B11006183D5 /* Release */,
			);
			defaultConfigurationIsVisible = 0;
		};
/* End XCConfigurationList section */
	};
	rootObject = 064725F91D181B10006183D5 /* Project object */;
}
